Microsoft Visual Studio Solution File, Format Version 12.00
# Visual Studio Version 17
VisualStudioVersion = 17.0.31903.59
MinimumVisualStudioVersion = 10.0.40219.1
Project("{FAE04EC0-301F-11D3-BF4B-00C04F79EFBC}") = "WindowsISOBuilder.Gui", "src\WindowsISOBuilder.Gui\WindowsISOBuilder.Gui.csproj", "{6C9D6023-A8D8-4A18-9D62-3953D6DD62A4}"
EndProject
Project("{FAE04EC0-301F-11D3-BF4B-00C04F79EFBC}") = "WindowsISOBuilder.Gui.Tests", "tests\WindowsISOBuilder.Gui.Tests\WindowsISOBuilder.Gui.Tests.csproj", "{BB5D1374-7A6E-4C56-BAA8-69FF2A2EC4F8}"
EndProject
Global
 GlobalSection(SolutionConfigurationPlatforms) = preSolution
  Debug|Any CPU = Debug|Any CPU
  Release|Any CPU = Release|Any CPU
 EndGlobalSection
 GlobalSection(ProjectConfigurationPlatforms) = postSolution
  {6C9D6023-A8D8-4A18-9D62-3953D6DD62A4}.Debug|Any CPU.ActiveCfg = Debug|Any CPU
  {6C9D6023-A8D8-4A18-9D62-3953D6DD62A4}.Debug|Any CPU.Build.0 = Debug|Any CPU
  {6C9D6023-A8D8-4A18-9D62-3953D6DD62A4}.Release|Any CPU.ActiveCfg = Release|Any CPU
  {6C9D6023-A8D8-4A18-9D62-3953D6DD62A4}.Release|Any CPU.Build.0 = Release|Any CPU
  {BB5D1374-7A6E-4C56-BAA8-69FF2A2EC4F8}.Debug|Any CPU.ActiveCfg = Debug|Any CPU
  {BB5D1374-7A6E-4C56-BAA8-69FF2A2EC4F8}.Debug|Any CPU.Build.0 = Debug|Any CPU
  {BB5D1374-7A6E-4C56-BAA8-69FF2A2EC4F8}.Release|Any CPU.ActiveCfg = Release|Any CPU
  {BB5D1374-7A6E-4C56-BAA8-69FF2A2EC4F8}.Release|Any CPU.Build.0 = Release|Any CPU
 EndGlobalSection
EndGlobal
